// !$*UTF8*$!
{
	archiveVersion = 1;
	classes = {
	};
	objectVersion = 55;
	objects = {

/* Begin PBXBuildFile section */
		B96B581D7037AB54C366B266 /* Pods_TravelApp.framework in Frameworks */ = {isa = PBXBuildFile; fileRef = 10F22CE6636B346D5A572546 /* Pods_TravelApp.framework */; };
		E9069389275F09B200F8BF50 /* PLWPlanContentViewController.swift in Sources */ = {isa = PBXBuildFile; fileRef = E9069388275F09B200F8BF50 /* PLWPlanContentViewController.swift */; };
		E949193B275E073E00B6191D /* AppDelegate.swift in Sources */ = {isa = PBXBuildFile; fileRef = E949193A275E073E00B6191D /* AppDelegate.swift */; };
		E949193D275E073E00B6191D /* SceneDelegate.swift in Sources */ = {isa = PBXBuildFile; fileRef = E949193C275E073E00B6191D /* SceneDelegate.swift */; };
		E9491944275E074300B6191D /* Assets.xcassets in Resources */ = {isa = PBXBuildFile; fileRef = E9491943275E074300B6191D /* Assets.xcassets */; };
		E9491947275E074300B6191D /* LaunchScreen.storyboard in Resources */ = {isa = PBXBuildFile; fileRef = E9491945275E074300B6191D /* LaunchScreen.storyboard */; };
		E9491950275E0AE300B6191D /* Global.swift in Sources */ = {isa = PBXBuildFile; fileRef = E949194F275E0AE300B6191D /* Global.swift */; };
		E9491958275E0BC300B6191D /* PLWBaseViewController.swift in Sources */ = {isa = PBXBuildFile; fileRef = E9491957275E0BC300B6191D /* PLWBaseViewController.swift */; };
		E949195A275E0BE800B6191D /* PLWHomeViewController.swift in Sources */ = {isa = PBXBuildFile; fileRef = E9491959275E0BE800B6191D /* PLWHomeViewController.swift */; };
		E949195C275E0C0500B6191D /* PLWMineViewController.swift in Sources */ = {isa = PBXBuildFile; fileRef = E949195B275E0C0500B6191D /* PLWMineViewController.swift */; };
		E949195E275E0C0E00B6191D /* PLWPlanViewController.swift in Sources */ = {isa = PBXBuildFile; fileRef = E949195D275E0C0E00B6191D /* PLWPlanViewController.swift */; };
		E9491960275E0C5400B6191D /* PLWNavViewController.swift in Sources */ = {isa = PBXBuildFile; fileRef = E949195F275E0C5400B6191D /* PLWNavViewController.swift */; };
		E9491962275E0C6400B6191D /* PLWTabBarViewController.swift in Sources */ = {isa = PBXBuildFile; fileRef = E9491961275E0C6400B6191D /* PLWTabBarViewController.swift */; };
/* End PBXBuildFile section */

/* Begin PBXFileReference section */
		10F22CE6636B346D5A572546 /* Pods_TravelApp.framework */ = {isa = PBXFileReference; explicitFileType = wrapper.framework; includeInIndex = 0; path = Pods_TravelApp.framework; sourceTree = BUILT_PRODUCTS_DIR; };
		23E06202B7718FDDA654ED78 /* Pods-TravelApp.debug.xcconfig */ = {isa = PBXFileReference; includeInIndex = 1; lastKnownFileType = text.xcconfig; name = "Pods-TravelApp.debug.xcconfig"; path = "Target Support Files/Pods-TravelApp/Pods-TravelApp.debug.xcconfig"; sourceTree = "<group>"; };
		5AAD53E0C3B2B8AECECE35C8 /* Pods-TravelApp.release.xcconfig */ = {isa = PBXFileReference; includeInIndex = 1; lastKnownFileType = text.xcconfig; name = "Pods-TravelApp.release.xcconfig"; path = "Target Support Files/Pods-TravelApp/Pods-TravelApp.release.xcconfig"; sourceTree = "<group>"; };
		E9069388275F09B200F8BF50 /* PLWPlanContentViewController.swift */ = {isa = PBXFileReference; lastKnownFileType = sourcecode.swift; path = PLWPlanContentViewController.swift; sourceTree = "<group>"; };
		E9491937275E073E00B6191D /* TravelApp.app */ = {isa = PBXFileReference; explicitFileType = wrapper.application; includeInIndex = 0; path = TravelApp.app; sourceTree = BUILT_PRODUCTS_DIR; };
		E949193A275E073E00B6191D /* AppDelegate.swift */ = {isa = PBXFileReference; lastKnownFileType = sourcecode.swift; path = AppDelegate.swift; sourceTree = "<group>"; };
		E949193C275E073E00B6191D /* SceneDelegate.swift */ = {isa = PBXFileReference; lastKnownFileType = sourcecode.swift; path = SceneDelegate.swift; sourceTree = "<group>"; };
		E9491943275E074300B6191D /* Assets.xcassets */ = {isa = PBXFileReference; lastKnownFileType = folder.assetcatalog; path = Assets.xcassets; sourceTree = "<group>"; };
		E9491946275E074300B6191D /* Base */ = {isa = PBXFileReference; lastKnownFileType = file.storyboard; name = Base; path = Base.lproj/LaunchScreen.storyboard; sourceTree = "<group>"; };
		E9491948275E074300B6191D /* Info.plist */ = {isa = PBXFileReference; lastKnownFileType = text.plist.xml; path = Info.plist; sourceTree = "<group>"; };
		E949194F275E0AE300B6191D /* Global.swift */ = {isa = PBXFileReference; lastKnownFileType = sourcecode.swift; path = Global.swift; sourceTree = "<group>"; };
		E9491957275E0BC300B6191D /* PLWBaseViewController.swift */ = {isa = PBXFileReference; lastKnownFileType = sourcecode.swift; path = PLWBaseViewController.swift; sourceTree = "<group>"; };
		E9491959275E0BE800B6191D /* PLWHomeViewController.swift */ = {isa = PBXFileReference; lastKnownFileType = sourcecode.swift; path = PLWHomeViewController.swift; sourceTree = "<group>"; };
		E949195B275E0C0500B6191D /* PLWMineViewController.swift */ = {isa = PBXFileReference; lastKnownFileType = sourcecode.swift; path = PLWMineViewController.swift; sourceTree = "<group>"; };
		E949195D275E0C0E00B6191D /* PLWPlanViewController.swift */ = {isa = PBXFileReference; lastKnownFileType = sourcecode.swift; path = PLWPlanViewController.swift; sourceTree = "<group>"; };
		E949195F275E0C5400B6191D /* PLWNavViewController.swift */ = {isa = PBXFileReference; lastKnownFileType = sourcecode.swift; path = PLWNavViewController.swift; sourceTree = "<group>"; };
		E9491961275E0C6400B6191D /* PLWTabBarViewController.swift */ = {isa = PBXFileReference; lastKnownFileType = sourcecode.swift; path = PLWTabBarViewController.swift; sourceTree = "<group>"; };
/* End PBXFileReference section */

/* Begin PBXFrameworksBuildPhase section */
		E9491934275E073E00B6191D /* Frameworks */ = {
			isa = PBXFrameworksBuildPhase;
			buildActionMask = 2147483647;
			files = (
				B96B581D7037AB54C366B266 /* Pods_TravelApp.framework in Frameworks */,
			);
			runOnlyForDeploymentPostprocessing = 0;
		};
/* End PBXFrameworksBuildPhase section */

/* Begin PBXGroup section */
		18CE602FE05C92823682CB05 /* Frameworks */ = {
			isa = PBXGroup;
			children = (
				10F22CE6636B346D5A572546 /* Pods_TravelApp.framework */,
			);
			name = Frameworks;
			sourceTree = "<group>";
		};
		E949192E275E073E00B6191D = {
			isa = PBXGroup;
			children = (
				E9491939275E073E00B6191D /* TravelApp */,
				E9491938275E073E00B6191D /* Products */,
				FD6EB3D5C8CCFDDA6681487E /* Pods */,
				18CE602FE05C92823682CB05 /* Frameworks */,
			);
			sourceTree = "<group>";
		};
		E9491938275E073E00B6191D /* Products */ = {
			isa = PBXGroup;
			children = (
				E9491937275E073E00B6191D /* TravelApp.app */,
			);
			name = Products;
			sourceTree = "<group>";
		};
		E9491939275E073E00B6191D /* TravelApp */ = {
			isa = PBXGroup;
			children = (
				E9491951275E0B4C00B6191D /* Module */,
				E949194E275E0AAC00B6191D /* common */,
				E949193A275E073E00B6191D /* AppDelegate.swift */,
				E949193C275E073E00B6191D /* SceneDelegate.swift */,
				E9491943275E074300B6191D /* Assets.xcassets */,
				E9491945275E074300B6191D /* LaunchScreen.storyboard */,
				E9491948275E074300B6191D /* Info.plist */,
			);
			path = TravelApp;
			sourceTree = "<group>";
		};
		E949194E275E0AAC00B6191D /* common */ = {
			isa = PBXGroup;
			children = (
				E9491963275E112F00B6191D /* Base */,
				E949194F275E0AE300B6191D /* Global.swift */,
			);
			path = common;
			sourceTree = "<group>";
		};
		E9491951275E0B4C00B6191D /* Module */ = {
			isa = PBXGroup;
			children = (
				E9491956275E0B8400B6191D /* Login&Regist */,
				E9491955275E0B7900B6191D /* Publish */,
				E9491954275E0B6B00B6191D /* Plan */,
				E9491953275E0B6600B6191D /* Mine */,
				E9491952275E0B5E00B6191D /* Home */,
			);
			path = Module;
			sourceTree = "<group>";
		};
		E9491952275E0B5E00B6191D /* Home */ = {
			isa = PBXGroup;
			children = (
				E9491959275E0BE800B6191D /* PLWHomeViewController.swift */,
			);
			path = Home;
			sourceTree = "<group>";
		};
		E9491953275E0B6600B6191D /* Mine */ = {
			isa = PBXGroup;
			children = (
				E949195B275E0C0500B6191D /* PLWMineViewController.swift */,
			);
			path = Mine;
			sourceTree = "<group>";
		};
		E9491954275E0B6B00B6191D /* Plan */ = {
			isa = PBXGroup;
			children = (
				E949195D275E0C0E00B6191D /* PLWPlanViewController.swift */,
				E9069388275F09B200F8BF50 /* PLWPlanContentViewController.swift */,
			);
			path = Plan;
			sourceTree = "<group>";
		};
		E9491955275E0B7900B6191D /* Publish */ = {
			isa = PBXGroup;
			children = (
			);
			path = Publish;
			sourceTree = "<group>";
		};
		E9491956275E0B8400B6191D /* Login&Regist */ = {
			isa = PBXGroup;
			children = (
			);
			path = "Login&Regist";
			sourceTree = "<group>";
		};
		E9491963275E112F00B6191D /* Base */ = {
			isa = PBXGroup;
			children = (
				E9491957275E0BC300B6191D /* PLWBaseViewController.swift */,
				E949195F275E0C5400B6191D /* PLWNavViewController.swift */,
				E9491961275E0C6400B6191D /* PLWTabBarViewController.swift */,
			);
			path = Base;
			sourceTree = "<group>";
		};
		FD6EB3D5C8CCFDDA6681487E /* Pods */ = {
			isa = PBXGroup;
			children = (
				23E06202B7718FDDA654ED78 /* Pods-TravelApp.debug.xcconfig */,
				5AAD53E0C3B2B8AECECE35C8 /* Pods-TravelApp.release.xcconfig */,
			);
			path = Pods;
			sourceTree = "<group>";
		};
/* End PBXGroup section */

/* Begin PBXNativeTarget section */
		E9491936275E073E00B6191D /* TravelApp */ = {
			isa = PBXNativeTarget;
			buildConfigurationList = E949194B275E074300B6191D /* Build configuration list for PBXNativeTarget "TravelApp" */;
			buildPhases = (
				90936A6F18BCE056228B50DA /* [CP] Check Pods Manifest.lock */,
				E9491933275E073E00B6191D /* Sources */,
				E9491934275E073E00B6191D /* Frameworks */,
				E9491935275E073E00B6191D /* Resources */,
				C2B92C23EC4BB53AC0424691 /* [CP] Embed Pods Frameworks */,
			);
			buildRules = (
			);
			dependencies = (
			);
			name = TravelApp;
			productName = TravelApp;
			productReference = E9491937275E073E00B6191D /* TravelApp.app */;
			productType = "com.apple.product-type.application";
		};
/* End PBXNativeTarget section */

/* Begin PBXProject section */
		E949192F275E073E00B6191D /* Project object */ = {
			isa = PBXProject;
			attributes = {
				BuildIndependentTargetsInParallel = 1;
				CLASSPREFIX = PLW;
				LastSwiftUpdateCheck = 1300;
				LastUpgradeCheck = 1300;
				TargetAttributes = {
					E9491936275E073E00B6191D = {
						CreatedOnToolsVersion = 13.0;
					};
				};
			};
			buildConfigurationList = E9491932275E073E00B6191D /* Build configuration list for PBXProject "TravelApp" */;
			compatibilityVersion = "Xcode 13.0";
			developmentRegion = en;
			hasScannedForEncodings = 0;
			knownRegions = (
				en,
				Base,
			);
			mainGroup = E949192E275E073E00B6191D;
			productRefGroup = E9491938275E073E00B6191D /* Products */;
			projectDirPath = "";
			projectRoot = "";
			targets = (
				E9491936275E073E00B6191D /* TravelApp */,
			);
		};
/* End PBXProject section */

/* Begin PBXResourcesBuildPhase section */
		E9491935275E073E00B6191D /* Resources */ = {
			isa = PBXResourcesBuildPhase;
			buildActionMask = 2147483647;
			files = (
				E9491947275E074300B6191D /* LaunchScreen.storyboard in Resources */,
				E9491944275E074300B6191D /* Assets.xcassets in Resources */,
			);
			runOnlyForDeploymentPostprocessing = 0;
		};
/* End PBXResourcesBuildPhase section */

/* Begin PBXShellScriptBuildPhase section */
		90936A6F18BCE056228B50DA /* [CP] Check Pods Manifest.lock */ = {
			isa = PBXShellScriptBuildPhase;
			buildActionMask = 2147483647;
			files = (
			);
			inputFileListPaths = (
			);
			inputPaths = (
				"${PODS_PODFILE_DIR_PATH}/Podfile.lock",
				"${PODS_ROOT}/Manifest.lock",
			);
			name = "[CP] Check Pods Manifest.lock";
			outputFileListPaths = (
			);
			outputPaths = (
				"$(DERIVED_FILE_DIR)/Pods-TravelApp-checkManifestLockResult.txt",
			);
			runOnlyForDeploymentPostprocessing = 0;
			shellPath = /bin/sh;
			shellScript = "diff \"${PODS_PODFILE_DIR_PATH}/Podfile.lock\" \"${PODS_ROOT}/Manifest.lock\" > /dev/null\nif [ $? != 0 ] ; then\n    # print error to STDERR\n    echo \"error: The sandbox is not in sync with the Podfile.lock. Run 'pod install' or update your CocoaPods installation.\" >&2\n    exit 1\nfi\n# This output is used by Xcode 'outputs' to avoid re-running this script phase.\necho \"SUCCESS\" > \"${SCRIPT_OUTPUT_FILE_0}\"\n";
			showEnvVarsInLog = 0;
		};
		C2B92C23EC4BB53AC0424691 /* [CP] Embed Pods Frameworks */ = {
			isa = PBXShellScriptBuildPhase;
			buildActionMask = 2147483647;
			files = (
			);
			inputFileListPaths = (
				"${PODS_ROOT}/Target Support Files/Pods-TravelApp/Pods-TravelApp-frameworks-${CONFIGURATION}-input-files.xcfilelist",
			);
			name = "[CP] Embed Pods Frameworks";
			outputFileListPaths = (
				"${PODS_ROOT}/Target Support Files/Pods-TravelApp/Pods-TravelApp-frameworks-${CONFIGURATION}-output-files.xcfilelist",
			);
			runOnlyForDeploymentPostprocessing = 0;
			shellPath = /bin/sh;
			shellScript = "\"${PODS_ROOT}/Target Support Files/Pods-TravelApp/Pods-TravelApp-frameworks.sh\"\n";
			showEnvVarsInLog = 0;
		};
/* End PBXShellScriptBuildPhase section */

/* Begin PBXSourcesBuildPhase section */
		E9491933275E073E00B6191D /* Sources */ = {
			isa = PBXSourcesBuildPhase;
			buildActionMask = 2147483647;
			files = (
				E949195C275E0C0500B6191D /* PLWMineViewController.swift in Sources */,
				E9069389275F09B200F8BF50 /* PLWPlanContentViewController.swift in Sources */,
				E9491950275E0AE300B6191D /* Global.swift in Sources */,
				E949195A275E0BE800B6191D /* PLWHomeViewController.swift in Sources */,
				E949195E275E0C0E00B6191D /* PLWPlanViewController.swift in Sources */,
				E9491958275E0BC300B6191D /* PLWBaseViewController.swift in Sources */,
				E9491962275E0C6400B6191D /* PLWTabBarViewController.swift in Sources */,
				E9491960275E0C5400B6191D /* PLWNavViewController.swift in Sources */,
				E949193B275E073E00B6191D /* AppDelegate.swift in Sources */,
				E949193D275E073E00B6191D /* SceneDelegate.swift in Sources */,
			);
			runOnlyForDeploymentPostprocessing = 0;
		};
/* End PBXSourcesBuildPhase section */

/* Begin PBXVariantGroup section */
		E9491945275E074300B6191D /* LaunchScreen.storyboard */ = {
			isa = PBXVariantGroup;
			children = (
				E9491946275E074300B6191D /* Base */,
			);
			name = LaunchScreen.storyboard;
			sourceTree = "<group>";
		};
/* End PBXVariantGroup section */

/* Begin XCBuildConfiguration section */
		E9491949275E074300B6191D /* Debug */ = {
			isa = XCBuildConfiguration;
			buildSettings = {
				ALWAYS_SEARCH_USER_PATHS = NO;
				CLANG_ANALYZER_NONNULL = YES;
				CLANG_ANALYZER_NUMBER_OBJECT_CONVERSION = YES_AGGRESSIVE;
				CLANG_CXX_LANGUAGE_STANDARD = "gnu++17";
				CLANG_CXX_LIBRARY = "libc++";
				CLANG_ENABLE_MODULES = YES;
				CLANG_ENABLE_OBJC_ARC = YES;
				CLANG_ENABLE_OBJC_WEAK = YES;
				CLANG_WARN_BLOCK_CAPTURE_AUTORELEASING = YES;
				CLANG_WARN_BOOL_CONVERSION = YES;
				CLANG_WARN_COMMA = YES;
				CLANG_WARN_CONSTANT_CONVERSION = YES;
				CLANG_WARN_DEPRECATED_OBJC_IMPLEMENTATIONS = YES;
				CLANG_WARN_DIRECT_OBJC_ISA_USAGE = YES_ERROR;
				CLANG_WARN_DOCUMENTATION_COMMENTS = YES;
				CLANG_WARN_EMPTY_BODY = YES;
				CLANG_WARN_ENUM_CONVERSION = YES;
				CLANG_WARN_INFINITE_RECURSION = YES;
				CLANG_WARN_INT_CONVERSION = YES;
				CLANG_WARN_NON_LITERAL_NULL_CONVERSION = YES;
				CLANG_WARN_OBJC_IMPLICIT_RETAIN_SELF = YES;
				CLANG_WARN_OBJC_LITERAL_CONVERSION = YES;
				CLANG_WARN_OBJC_ROOT_CLASS = YES_ERROR;
				CLANG_WARN_QUOTED_INCLUDE_IN_FRAMEWORK_HEADER = YES;
				CLANG_WARN_RANGE_LOOP_ANALYSIS = YES;
				CLANG_WARN_STRICT_PROTOTYPES = YES;
				CLANG_WARN_SUSPICIOUS_MOVE = YES;
				CLANG_WARN_UNGUARDED_AVAILABILITY = YES_AGGRESSIVE;
				CLANG_WARN_UNREACHABLE_CODE = YES;
				CLANG_WARN__DUPLICATE_METHOD_MATCH = YES;
				COPY_PHASE_STRIP = NO;
				DEBUG_INFORMATION_FORMAT = dwarf;
				ENABLE_STRICT_OBJC_MSGSEND = YES;
				ENABLE_TESTABILITY = YES;
				GCC_C_LANGUAGE_STANDARD = gnu11;
				GCC_DYNAMIC_NO_PIC = NO;
				GCC_NO_COMMON_BLOCKS = YES;
				GCC_OPTIMIZATION_LEVEL = 0;
				GCC_PREPROCESSOR_DEFINITIONS = (
					"DEBUG=1",
					"$(inherited)",
				);
				GCC_WARN_64_TO_32_BIT_CONVERSION = YES;
				GCC_WARN_ABOUT_RETURN_TYPE = YES_ERROR;
				GCC_WARN_UNDECLARED_SELECTOR = YES;
				GCC_WARN_UNINITIALIZED_AUTOS = YES_AGGRESSIVE;
				GCC_WARN_UNUSED_FUNCTION = YES;
				GCC_WARN_UNUSED_VARIABLE = YES;
				IPHONEOS_DEPLOYMENT_TARGET = 15.0;
				MTL_ENABLE_DEBUG_INFO = INCLUDE_SOURCE;
				MTL_FAST_MATH = YES;
				ONLY_ACTIVE_ARCH = YES;
				SDKROOT = iphoneos;
				SWIFT_ACTIVE_COMPILATION_CONDITIONS = DEBUG;
				SWIFT_OPTIMIZATION_LEVEL = "-Onone";
			};
			name = Debug;
		};
		E949194A275E074300B6191D /* Release */ = {
			isa = XCBuildConfiguration;
			buildSettings = {
				ALWAYS_SEARCH_USER_PATHS = NO;
				CLANG_ANALYZER_NONNULL = YES;
				CLANG_ANALYZER_NUMBER_OBJECT_CONVERSION = YES_AGGRESSIVE;
				CLANG_CXX_LANGUAGE_STANDARD = "gnu++17";
				CLANG_CXX_LIBRARY = "libc++";
				CLANG_ENABLE_MODULES = YES;
				CLANG_ENABLE_OBJC_ARC = YES;
				CLANG_ENABLE_OBJC_WEAK = YES;
				CLANG_WARN_BLOCK_CAPTURE_AUTORELEASING = YES;
				CLANG_WARN_BOOL_CONVERSION = YES;
				CLANG_WARN_COMMA = YES;
				CLANG_WARN_CONSTANT_CONVERSION = YES;
				CLANG_WARN_DEPRECATED_OBJC_IMPLEMENTATIONS = YES;
				CLANG_WARN_DIRECT_OBJC_ISA_USAGE = YES_ERROR;
				CLANG_WARN_DOCUMENTATION_COMMENTS = YES;
				CLANG_WARN_EMPTY_BODY = YES;
				CLANG_WARN_ENUM_CONVERSION = YES;
				CLANG_WARN_INFINITE_RECURSION = YES;
				CLANG_WARN_INT_CONVERSION = YES;
				CLANG_WARN_NON_LITERAL_NULL_CONVERSION = YES;
				CLANG_WARN_OBJC_IMPLICIT_RETAIN_SELF = YES;
				CLANG_WARN_OBJC_LITERAL_CONVERSION = YES;
				CLANG_WARN_OBJC_ROOT_CLASS = YES_ERROR;
				CLANG_WARN_QUOTED_INCLUDE_IN_FRAMEWORK_HEADER = YES;
				CLANG_WARN_RANGE_LOOP_ANALYSIS = YES;
				CLANG_WARN_STRICT_PROTOTYPES = YES;
				CLANG_WARN_SUSPICIOUS_MOVE = YES;
				CLANG_WARN_UNGUARDED_AVAILABILITY = YES_AGGRESSIVE;
				CLANG_WARN_UNREACHABLE_CODE = YES;
				CLANG_WARN__DUPLICATE_METHOD_MATCH = YES;
				COPY_PHASE_STRIP = NO;
				DEBUG_INFORMATION_FORMAT = "dwarf-with-dsym";
				ENABLE_NS_ASSERTIONS = NO;
				ENABLE_STRICT_OBJC_MSGSEND = YES;
				GCC_C_LANGUAGE_STANDARD = gnu11;
				GCC_NO_COMMON_BLOCKS = YES;
				GCC_WARN_64_TO_32_BIT_CONVERSION = YES;
				GCC_WARN_ABOUT_RETURN_TYPE = YES_ERROR;
				GCC_WARN_UNDECLARED_SELECTOR = YES;
				GCC_WARN_UNINITIALIZED_AUTOS = YES_AGGRESSIVE;
				GCC_WARN_UNUSED_FUNCTION = YES;
				GCC_WARN_UNUSED_VARIABLE = YES;
				IPHONEOS_DEPLOYMENT_TARGET = 15.0;
				MTL_ENABLE_DEBUG_INFO = NO;
				MTL_FAST_MATH = YES;
				SDKROOT = iphoneos;
				SWIFT_COMPILATION_MODE = wholemodule;
				SWIFT_OPTIMIZATION_LEVEL = "-O";
				VALIDATE_PRODUCT = YES;
			};
			name = Release;
		};
		E949194C275E074300B6191D /* Debug */ = {
			isa = XCBuildConfiguration;
			baseConfigurationReference = 23E06202B7718FDDA654ED78 /* Pods-TravelApp.debug.xcconfig */;
			buildSettings = {
				ASSETCATALOG_COMPILER_APPICON_NAME = AppIcon;
				ASSETCATALOG_COMPILER_GLOBAL_ACCENT_COLOR_NAME = AccentColor;
				CODE_SIGN_STYLE = Automatic;
				CURRENT_PROJECT_VERSION = 1;
				DEVELOPMENT_TEAM = XH3Y936B53;
				GENERATE_INFOPLIST_FILE = YES;
				INFOPLIST_FILE = TravelApp/Info.plist;
				INFOPLIST_KEY_CFBundleDisplayName = "游记";
				INFOPLIST_KEY_UIApplicationSupportsIndirectInputEvents = YES;
				INFOPLIST_KEY_UILaunchStoryboardName = LaunchScreen;
				INFOPLIST_KEY_UISupportedInterfaceOrientations_iPad = "UIInterfaceOrientationPortrait UIInterfaceOrientationPortraitUpsideDown UIInterfaceOrientationLandscapeLeft UIInterfaceOrientationLandscapeRight";
				INFOPLIST_KEY_UISupportedInterfaceOrientations_iPhone = "UIInterfaceOrientationPortrait UIInterfaceOrientationLandscapeLeft UIInterfaceOrientationLandscapeRight";
				IPHONEOS_DEPLOYMENT_TARGET = 13.0;
				LD_RUNPATH_SEARCH_PATHS = (
					"$(inherited)",
					"@executable_path/Frameworks",
				);
				MARKETING_VERSION = 1.0;
				PRODUCT_BUNDLE_IDENTIFIER = com.travelApp.szdx;
				PRODUCT_NAME = "$(TARGET_NAME)";
				SWIFT_EMIT_LOC_STRINGS = YES;
				SWIFT_VERSION = 5.0;
				TARGETED_DEVICE_FAMILY = 1;
			};
			name = Debug;
		};
		E949194D275E074300B6191D /* Release */ = {
			isa = XCBuildConfiguration;
			baseConfigurationReference = 5AAD53E0C3B2B8AECECE35C8 /* Pods-TravelApp.release.xcconfig */;
			buildSettings = {
				ASSETCATALOG_COMPILER_APPICON_NAME = AppIcon;
				ASSETCATALOG_COMPILER_GLOBAL_ACCENT_COLOR_NAME = AccentColor;
				CODE_SIGN_STYLE = Automatic;
				CURRENT_PROJECT_VERSION = 1;
				DEVELOPMENT_TEAM = XH3Y936B53;
				GENERATE_INFOPLIST_FILE = YES;
				INFOPLIST_FILE = TravelApp/Info.plist;
				INFOPLIST_KEY_CFBundleDisplayName = "游记";
				INFOPLIST_KEY_UIApplicationSupportsIndirectInputEvents = YES;
				INFOPLIST_KEY_UILaunchStoryboardName = LaunchScreen;
				INFOPLIST_KEY_UISupportedInterfaceOrientations_iPad = "UIInterfaceOrientationPortrait UIInterfaceOrientationPortraitUpsideDown UIInterfaceOrientationLandscapeLeft UIInterfaceOrientationLandscapeRight";
				INFOPLIST_KEY_UISupportedInterfaceOrientations_iPhone = "UIInterfaceOrientationPortrait UIInterfaceOrientationLandscapeLeft UIInterfaceOrientationLandscapeRight";
				IPHONEOS_DEPLOYMENT_TARGET = 13.0;
				LD_RUNPATH_SEARCH_PATHS = (
					"$(inherited)",
					"@executable_path/Frameworks",
				);
				MARKETING_VERSION = 1.0;
				PRODUCT_BUNDLE_IDENTIFIER = com.travelApp.szdx;
				PRODUCT_NAME = "$(TARGET_NAME)";
				SWIFT_EMIT_LOC_STRINGS = YES;
				SWIFT_VERSION = 5.0;
				TARGETED_DEVICE_FAMILY = 1;
			};
			name = Release;
		};
/* End XCBuildConfiguration section */

/* Begin XCConfigurationList section */
		E9491932275E073E00B6191D /* Build configuration list for PBXProject "TravelApp" */ = {
			isa = XCConfigurationList;
			buildConfigurations = (
				E9491949275E074300B6191D /* Debug */,
				E949194A275E074300B6191D /* Release */,
			);
			defaultConfigurationIsVisible = 0;
			defaultConfigurationName = Release;
		};
		E949194B275E074300B6191D /* Build configuration list for PBXNativeTarget "TravelApp" */ = {
			isa = XCConfigurationList;
			buildConfigurations = (
				E949194C275E074300B6191D /* Debug */,
				E949194D275E074300B6191D /* Release */,
			);
			defaultConfigurationIsVisible = 0;
			defaultConfigurationName = Release;
		};
/* End XCConfigurationList section */
	};
	rootObject = E949192F275E073E00B6191D /* Project object */;
}
